
Microsoft Visual Studio Solution File, Format Version 12.00
# Visual Studio Version 16
VisualStudioVersion = 16.0.30804.86
MinimumVisualStudioVersion = 10.0.40219.1
Project("{FAE04EC0-301F-11D3-BF4B-00C04F79EFBC}") = "ResourcesWPF", "ResourcesWPF\ResourcesWPF.csproj", "{79E83CAC-5E10-40CC-82DD-B65E8EB76665}"
EndProject
Global
	GlobalSection(SolutionConfigurationPlatforms) = preSolution
		Debug|Any CPU = Debug|Any CPU
		Release|Any CPU = Release|Any CPU
	EndGlobalSection
	GlobalSection(ProjectConfigurationPlatforms) = postSolution
		{79E83CAC-5E10-40CC-82DD-B65E8EB76665}.Debug|Any CPU.ActiveCfg = Debug|Any CPU
		{79E83CAC-5E10-40CC-82DD-B65E8EB76665}.Debug|Any CPU.Build.0 = Debug|Any CPU
		{79E83CAC-5E10-40CC-82DD-B65E8EB76665}.Release|Any CPU.ActiveCfg = Release|Any CPU
		{79E83CAC-5E10-40CC-82DD-B65E8EB76665}.Release|Any CPU.Build.0 = Release|Any CPU
	EndGlobalSection
	GlobalSection(SolutionProperties) = preSolution
		HideSolutionNode = FALSE
	EndGlobalSection
	GlobalSection(ExtensibilityGlobals) = postSolution
		SolutionGuid = {42F57DB6-DDA3-4DA6-9FAB-FD8D0BD0B661}
	EndGlobalSection
EndGlobal
